// !$*UTF8*$!
{
	archiveVersion = 1;
	classes = {
	};
	objectVersion = 46;
	objects = {

/* Begin PBXBuildFile section */
		17C0CEDC196254210038C871 /* main.m in Sources */ = {isa = PBXBuildFile; fileRef = 17C0CEDB196254210038C871 /* main.m */; };
		17C0CEDF196254210038C871 /* AppDelegate.m in Sources */ = {isa = PBXBuildFile; fileRef = 17C0CEDE196254210038C871 /* AppDelegate.m */; };
		17C0CEE1196254210038C871 /* Images.xcassets in Resources */ = {isa = PBXBuildFile; fileRef = 17C0CEE0196254210038C871 /* Images.xcassets */; };
		17C0CEED196254210038C871 /* chatAppTests.m in Sources */ = {isa = PBXBuildFile; fileRef = 17C0CEEC196254210038C871 /* chatAppTests.m */; };
/* End PBXBuildFile section */

/* Begin PBXContainerItemProxy section */
		17C0CEE7196254210038C871 /* PBXContainerItemProxy */ = {
			isa = PBXContainerItemProxy;
			containerPortal = 17C0CECE196254200038C871 /* Project object */;
			proxyType = 1;
			remoteGlobalIDString = 17C0CED5196254210038C871;
			remoteInfo = chatApp;
		};
/* End PBXContainerItemProxy section */

/* Begin PBXFileReference section */
		17C0CED6196254210038C871 /* chatApp.app */ = {isa = PBXFileReference; explicitFileType = wrapper.application; includeInIndex = 0; path = chatApp.app; sourceTree = BUILT_PRODUCTS_DIR; };
		17C0CEDA196254210038C871 /* Info.plist */ = {isa = PBXFileReference; lastKnownFileType = text.plist.xml; path = Info.plist; sourceTree = "<group>"; };
		17C0CEDB196254210038C871 /* main.m */ = {isa = PBXFileReference; lastKnownFileType = sourcecode.c.objc; path = main.m; sourceTree = "<group>"; };
		17C0CEDD196254210038C871 /* AppDelegate.h */ = {isa = PBXFileReference; lastKnownFileType = sourcecode.c.h; path = AppDelegate.h; sourceTree = "<group>"; };
		17C0CEDE196254210038C871 /* AppDelegate.m */ = {isa = PBXFileReference; lastKnownFileType = sourcecode.c.objc; path = AppDelegate.m; sourceTree = "<group>"; };
		17C0CEE0196254210038C871 /* Images.xcassets */ = {isa = PBXFileReference; lastKnownFileType = folder.assetcatalog; path = Images.xcassets; sourceTree = "<group>"; };
		17C0CEE6196254210038C871 /* chatAppTests.xctest */ = {isa = PBXFileReference; explicitFileType = wrapper.cfbundle; includeInIndex = 0; path = chatAppTests.xctest; sourceTree = BUILT_PRODUCTS_DIR; };
		17C0CEEB196254210038C871 /* Info.plist */ = {isa = PBXFileReference; lastKnownFileType = text.plist.xml; path = Info.plist; sourceTree = "<group>"; };
		17C0CEEC196254210038C871 /* chatAppTests.m */ = {isa = PBXFileReference; lastKnownFileType = sourcecode.c.objc; path = chatAppTests.m; sourceTree = "<group>"; };
/* End PBXFileReference section */

/* Begin PBXFrameworksBuildPhase section */
		17C0CED3196254210038C871 /* Frameworks */ = {
			isa = PBXFrameworksBuildPhase;
			buildActionMask = 2147483647;
			files = (
			);
			runOnlyForDeploymentPostprocessing = 0;
		};
		17C0CEE3196254210038C871 /* Frameworks */ = {
			isa = PBXFrameworksBuildPhase;
			buildActionMask = 2147483647;
			files = (
			);
			runOnlyForDeploymentPostprocessing = 0;
		};
/* End PBXFrameworksBuildPhase section */

/* Begin PBXGroup section */
		17C0CECD196254200038C871 = {
			isa = PBXGroup;
			children = (
				17C0CED8196254210038C871 /* chatApp */,
				17C0CEE9196254210038C871 /* chatAppTests */,
				17C0CED7196254210038C871 /* Products */,
			);
			sourceTree = "<group>";
		};
		17C0CED7196254210038C871 /* Products */ = {
			isa = PBXGroup;
			children = (
				17C0CED6196254210038C871 /* chatApp.app */,
				17C0CEE6196254210038C871 /* chatAppTests.xctest */,
			);
			name = Products;
			sourceTree = "<group>";
		};
		17C0CED8196254210038C871 /* chatApp */ = {
			isa = PBXGroup;
			children = (
				17C0CEDD196254210038C871 /* AppDelegate.h */,
				17C0CEDE196254210038C871 /* AppDelegate.m */,
				17C0CEE0196254210038C871 /* Images.xcassets */,
				17C0CED9196254210038C871 /* Supporting Files */,
			);
			path = chatApp;
			sourceTree = "<group>";
		};
		17C0CED9196254210038C871 /* Supporting Files */ = {
			isa = PBXGroup;
			children = (
				17C0CEDA196254210038C871 /* Info.plist */,
				17C0CEDB196254210038C871 /* main.m */,
			);
			name = "Supporting Files";
			sourceTree = "<group>";
		};
		17C0CEE9196254210038C871 /* chatAppTests */ = {
			isa = PBXGroup;
			children = (
				17C0CEEC196254210038C871 /* chatAppTests.m */,
				17C0CEEA196254210038C871 /* Supporting Files */,
			);
			path = chatAppTests;
			sourceTree = "<group>";
		};
		17C0CEEA196254210038C871 /* Supporting Files */ = {
			isa = PBXGroup;
			children = (
				17C0CEEB196254210038C871 /* Info.plist */,
			);
			name = "Supporting Files";
			sourceTree = "<group>";
		};
/* End PBXGroup section */

/* Begin PBXNativeTarget section */
		17C0CED5196254210038C871 /* chatApp */ = {
			isa = PBXNativeTarget;
			buildConfigurationList = 17C0CEF0196254210038C871 /* Build configuration list for PBXNativeTarget "chatApp" */;
			buildPhases = (
				17C0CED2196254210038C871 /* Sources */,
				17C0CED3196254210038C871 /* Frameworks */,
				17C0CED4196254210038C871 /* Resources */,
			);
			buildRules = (
			);
			dependencies = (
			);
			name = chatApp;
			productName = chatApp;
			productReference = 17C0CED6196254210038C871 /* chatApp.app */;
			productType = "com.apple.product-type.application";
		};
		17C0CEE5196254210038C871 /* chatAppTests */ = {
			isa = PBXNativeTarget;
			buildConfigurationList = 17C0CEF3196254210038C871 /* Build configuration list for PBXNativeTarget "chatAppTests" */;
			buildPhases = (
				17C0CEE2196254210038C871 /* Sources */,
				17C0CEE3196254210038C871 /* Frameworks */,
				17C0CEE4196254210038C871 /* Resources */,
			);
			buildRules = (
			);
			dependencies = (
				17C0CEE8196254210038C871 /* PBXTargetDependency */,
			);
			name = chatAppTests;
			productName = chatAppTests;
			productReference = 17C0CEE6196254210038C871 /* chatAppTests.xctest */;
			productType = "com.apple.product-type.bundle.unit-test";
		};
/* End PBXNativeTarget section */

/* Begin PBXProject section */
		17C0CECE196254200038C871 /* Project object */ = {
			isa = PBXProject;
			attributes = {
				LastUpgradeCheck = 0600;
				ORGANIZATIONNAME = "onor inc";
				TargetAttributes = {
					17C0CED5196254210038C871 = {
						CreatedOnToolsVersion = 6.0;
					};
					17C0CEE5196254210038C871 = {
						CreatedOnToolsVersion = 6.0;
						TestTargetID = 17C0CED5196254210038C871;
					};
				};
			};
			buildConfigurationList = 17C0CED1196254200038C871 /* Build configuration list for PBXProject "chatApp" */;
			compatibilityVersion = "Xcode 3.2";
			developmentRegion = English;
			hasScannedForEncodings = 0;
			knownRegions = (
				en,
			);
			mainGroup = 17C0CECD196254200038C871;
			productRefGroup = 17C0CED7196254210038C871 /* Products */;
			projectDirPath = "";
			projectRoot = "";
			targets = (
				17C0CED5196254210038C871 /* chatApp */,
				17C0CEE5196254210038C871 /* chatAppTests */,
			);
		};
/* End PBXProject section */

/* Begin PBXResourcesBuildPhase section */
		17C0CED4196254210038C871 /* Resources */ = {
			isa = PBXResourcesBuildPhase;
			buildActionMask = 2147483647;
			files = (
				17C0CEE1196254210038C871 /* Images.xcassets in Resources */,
			);
			runOnlyForDeploymentPostprocessing = 0;
		};
		17C0CEE4196254210038C871 /* Resources */ = {
			isa = PBXResourcesBuildPhase;
			buildActionMask = 2147483647;
			files = (
			);
			runOnlyForDeploymentPostprocessing = 0;
		};
/* End PBXResourcesBuildPhase section */

/* Begin PBXSourcesBuildPhase section */
		17C0CED2196254210038C871 /* Sources */ = {
			isa = PBXSourcesBuildPhase;
			buildActionMask = 2147483647;
			files = (
				17C0CEDF196254210038C871 /* AppDelegate.m in Sources */,
				17C0CEDC196254210038C871 /* main.m in Sources */,
			);
			runOnlyForDeploymentPostprocessing = 0;
		};
		17C0CEE2196254210038C871 /* Sources */ = {
			isa = PBXSourcesBuildPhase;
			buildActionMask = 2147483647;
			files = (
				17C0CEED196254210038C871 /* chatAppTests.m in Sources */,
			);
			runOnlyForDeploymentPostprocessing = 0;
		};
/* End PBXSourcesBuildPhase section */

/* Begin PBXTargetDependency section */
		17C0CEE8196254210038C871 /* PBXTargetDependency */ = {
			isa = PBXTargetDependency;
			target = 17C0CED5196254210038C871 /* chatApp */;
			targetProxy = 17C0CEE7196254210038C871 /* PBXContainerItemProxy */;
		};
/* End PBXTargetDependency section */

/* Begin XCBuildConfiguration section */
		17C0CEEE196254210038C871 /* Debug */ = {
			isa = XCBuildConfiguration;
			buildSettings = {
				ALWAYS_SEARCH_USER_PATHS = NO;
				CLANG_CXX_LANGUAGE_STANDARD = "gnu++0x";
				CLANG_CXX_LIBRARY = "libc++";
				CLANG_ENABLE_MODULES = YES;
				CLANG_ENABLE_OBJC_ARC = YES;
				CLANG_WARN_BOOL_CONVERSION = YES;
				CLANG_WARN_CONSTANT_CONVERSION = YES;
				CLANG_WARN_DIRECT_OBJC_ISA_USAGE = YES_ERROR;
				CLANG_WARN_EMPTY_BODY = YES;
				CLANG_WARN_ENUM_CONVERSION = YES;
				CLANG_WARN_INT_CONVERSION = YES;
				CLANG_WARN_OBJC_ROOT_CLASS = YES_ERROR;
				CLANG_WARN_UNREACHABLE_CODE = YES;
				CLANG_WARN__DUPLICATE_METHOD_MATCH = YES;
				"CODE_SIGN_IDENTITY[sdk=iphoneos*]" = "iPhone Developer";
				COPY_PHASE_STRIP = NO;
				ENABLE_STRICT_OBJC_MSGSEND = YES;
				GCC_C_LANGUAGE_STANDARD = gnu99;
				GCC_DYNAMIC_NO_PIC = NO;
				GCC_OPTIMIZATION_LEVEL = 0;
				GCC_PREPROCESSOR_DEFINITIONS = (
					"DEBUG=1",
					"$(inherited)",
				);
				GCC_SYMBOLS_PRIVATE_EXTERN = NO;
				GCC_WARN_64_TO_32_BIT_CONVERSION = YES;
				GCC_WARN_ABOUT_RETURN_TYPE = YES_ERROR;
				GCC_WARN_UNDECLARED_SELECTOR = YES;
				GCC_WARN_UNINITIALIZED_AUTOS = YES_AGGRESSIVE;
				GCC_WARN_UNUSED_FUNCTION = YES;
				GCC_WARN_UNUSED_VARIABLE = YES;
				IPHONEOS_DEPLOYMENT_TARGET = 8.0;
				METAL_ENABLE_DEBUG_INFO = YES;
				ONLY_ACTIVE_ARCH = YES;
				SDKROOT = iphoneos;
			};
			name = Debug;
		};
		17C0CEEF196254210038C871 /* Release */ = {
			isa = XCBuildConfiguration;
			buildSettings = {
				ALWAYS_SEARCH_USER_PATHS = NO;
				CLANG_CXX_LANGUAGE_STANDARD = "gnu++0x";
				CLANG_CXX_LIBRARY = "libc++";
				CLANG_ENABLE_MODULES = YES;
				CLANG_ENABLE_OBJC_ARC = YES;
				CLANG_WARN_BOOL_CONVERSION = YES;
				CLANG_WARN_CONSTANT_CONVERSION = YES;
				CLANG_WARN_DIRECT_OBJC_ISA_USAGE = YES_ERROR;
				CLANG_WARN_EMPTY_BODY = YES;
				CLANG_WARN_ENUM_CONVERSION = YES;
				CLANG_WARN_INT_CONVERSION = YES;
				CLANG_WARN_OBJC_ROOT_CLASS = YES_ERROR;
				CLANG_WARN_UNREACHABLE_CODE = YES;
				CLANG_WARN__DUPLICATE_METHOD_MATCH = YES;
				"CODE_SIGN_IDENTITY[sdk=iphoneos*]" = "iPhone Developer";
				COPY_PHASE_STRIP = YES;
				ENABLE_NS_ASSERTIONS = NO;
				ENABLE_STRICT_OBJC_MSGSEND = YES;
				GCC_C_LANGUAGE_STANDARD = gnu99;
				GCC_WARN_64_TO_32_BIT_CONVERSION = YES;
				GCC_WARN_ABOUT_RETURN_TYPE = YES_ERROR;
				GCC_WARN_UNDECLARED_SELECTOR = YES;
				GCC_WARN_UNINITIALIZED_AUTOS = YES_AGGRESSIVE;
				GCC_WARN_UNUSED_FUNCTION = YES;
				GCC_WARN_UNUSED_VARIABLE = YES;
				IPHONEOS_DEPLOYMENT_TARGET = 8.0;
				METAL_ENABLE_DEBUG_INFO = NO;
				SDKROOT = iphoneos;
				VALIDATE_PRODUCT = YES;
			};
			name = Release;
		};
		17C0CEF1196254210038C871 /* Debug */ = {
			isa = XCBuildConfiguration;
			buildSettings = {
				ASSETCATALOG_COMPILER_APPICON_NAME = AppIcon;
				ASSETCATALOG_COMPILER_LAUNCHIMAGE_NAME = LaunchImage;
				INFOPLIST_FILE = chatApp/Info.plist;
				LD_RUNPATH_SEARCH_PATHS = "$(inherited) @executable_path/Frameworks";
				PRODUCT_NAME = "$(TARGET_NAME)";
			};
			name = Debug;
		};
		17C0CEF2196254210038C871 /* Release */ = {
			isa = XCBuildConfiguration;
			buildSettings = {
				ASSETCATALOG_COMPILER_APPICON_NAME = AppIcon;
				ASSETCATALOG_COMPILER_LAUNCHIMAGE_NAME = LaunchImage;
				INFOPLIST_FILE = chatApp/Info.plist;
				LD_RUNPATH_SEARCH_PATHS = "$(inherited) @executable_path/Frameworks";
				PRODUCT_NAME = "$(TARGET_NAME)";
			};
			name = Release;
		};
		17C0CEF4196254210038C871 /* Debug */ = {
			isa = XCBuildConfiguration;
			buildSettings = {
				BUNDLE_LOADER = "$(BUILT_PRODUCTS_DIR)/chatApp.app/chatApp";
				FRAMEWORK_SEARCH_PATHS = (
					"$(SDKROOT)/Developer/Library/Frameworks",
					"$(inherited)",
				);
				GCC_PREPROCESSOR_DEFINITIONS = (
					"DEBUG=1",
					"$(inherited)",
				);
				INFOPLIST_FILE = chatAppTests/Info.plist;
				LD_RUNPATH_SEARCH_PATHS = "$(inherited) @executable_path/Frameworks @loader_path/Frameworks";
				METAL_ENABLE_DEBUG_INFO = YES;
				PRODUCT_NAME = "$(TARGET_NAME)";
				TEST_HOST = "$(BUNDLE_LOADER)";
			};
			name = Debug;
		};
		17C0CEF5196254210038C871 /* Release */ = {
			isa = XCBuildConfiguration;
			buildSettings = {
				BUNDLE_LOADER = "$(BUILT_PRODUCTS_DIR)/chatApp.app/chatApp";
				FRAMEWORK_SEARCH_PATHS = (
					"$(SDKROOT)/Developer/Library/Frameworks",
					"$(inherited)",
				);
				INFOPLIST_FILE = chatAppTests/Info.plist;
				LD_RUNPATH_SEARCH_PATHS = "$(inherited) @executable_path/Frameworks @loader_path/Frameworks";
				METAL_ENABLE_DEBUG_INFO = NO;
				PRODUCT_NAME = "$(TARGET_NAME)";
				TEST_HOST = "$(BUNDLE_LOADER)";
			};
			name = Release;
		};
/* End XCBuildConfiguration section */

/* Begin XCConfigurationList section */
		17C0CED1196254200038C871 /* Build configuration list for PBXProject "chatApp" */ = {
			isa = XCConfigurationList;
			buildConfigurations = (
				17C0CEEE196254210038C871 /* Debug */,
				17C0CEEF196254210038C871 /* Release */,
			);
			defaultConfigurationIsVisible = 0;
			defaultConfigurationName = Release;
		};
		17C0CEF0196254210038C871 /* Build configuration list for PBXNativeTarget "chatApp" */ = {
			isa = XCConfigurationList;
			buildConfigurations = (
				17C0CEF1196254210038C871 /* Debug */,
				17C0CEF2196254210038C871 /* Release */,
			);
			defaultConfigurationIsVisible = 0;
		};
		17C0CEF3196254210038C871 /* Build configuration list for PBXNativeTarget "chatAppTests" */ = {
			isa = XCConfigurationList;
			buildConfigurations = (
				17C0CEF4196254210038C871 /* Debug */,
				17C0CEF5196254210038C871 /* Release */,
			);
			defaultConfigurationIsVisible = 0;
		};
/* End XCConfigurationList section */
	};
	rootObject = 17C0CECE196254200038C871 /* Project object */;
}
